
Microsoft Visual Studio Solution File, Format Version 12.00
# Visual Studio Version 16
VisualStudioVersion = 16.0.30204.135
MinimumVisualStudioVersion = 10.0.40219.1
Project("{FAE04EC0-301F-11D3-BF4B-00C04F79EFBC}") = "Dan_LI_Bojana_Backo", "Dan_LI_Bojana_Backo\Dan_LI_Bojana_Backo.csproj", "{75CB5B6B-B82B-4667-B5F8-47E762425B5F}"
EndProject
Global
	GlobalSection(SolutionConfigurationPlatforms) = preSolution
		Debug|Any CPU = Debug|Any CPU
		Release|Any CPU = Release|Any CPU
	EndGlobalSection
	GlobalSection(ProjectConfigurationPlatforms) = postSolution
		{75CB5B6B-B82B-4667-B5F8-47E762425B5F}.Debug|Any CPU.ActiveCfg = Debug|Any CPU
		{75CB5B6B-B82B-4667-B5F8-47E762425B5F}.Debug|Any CPU.Build.0 = Debug|Any CPU
		{75CB5B6B-B82B-4667-B5F8-47E762425B5F}.Release|Any CPU.ActiveCfg = Release|Any CPU
		{75CB5B6B-B82B-4667-B5F8-47E762425B5F}.Release|Any CPU.Build.0 = Release|Any CPU
	EndGlobalSection
	GlobalSection(SolutionProperties) = preSolution
		HideSolutionNode = FALSE
	EndGlobalSection
	GlobalSection(ExtensibilityGlobals) = postSolution
		SolutionGuid = {7B0EE2DB-4CDF-419C-8916-CAB3433DADD9}
	EndGlobalSection
EndGlobal
